// !$*UTF8*$!
{
	archiveVersion = 1;
	classes = {
	};
	objectVersion = 50;
	objects = {

/* Begin PBXBuildFile section */
		1C1AA07924030CD300142A9C /* AppDelegate.swift in Sources */ = {isa = PBXBuildFile; fileRef = 1C1AA07824030CD300142A9C /* AppDelegate.swift */; };
		1C1AA07B24030CD300142A9C /* SceneDelegate.swift in Sources */ = {isa = PBXBuildFile; fileRef = 1C1AA07A24030CD300142A9C /* SceneDelegate.swift */; };
		1C1AA07D24030CD300142A9C /* ViewController.swift in Sources */ = {isa = PBXBuildFile; fileRef = 1C1AA07C24030CD300142A9C /* ViewController.swift */; };
		1C1AA08024030CD300142A9C /* Main.storyboard in Resources */ = {isa = PBXBuildFile; fileRef = 1C1AA07E24030CD300142A9C /* Main.storyboard */; };
		1C1AA08224030CD800142A9C /* Assets.xcassets in Resources */ = {isa = PBXBuildFile; fileRef = 1C1AA08124030CD800142A9C /* Assets.xcassets */; };
		1C1AA08524030CD800142A9C /* LaunchScreen.storyboard in Resources */ = {isa = PBXBuildFile; fileRef = 1C1AA08324030CD800142A9C /* LaunchScreen.storyboard */; };
		1C1AA09024030CD900142A9C /* calculator1Tests.swift in Sources */ = {isa = PBXBuildFile; fileRef = 1C1AA08F24030CD900142A9C /* calculator1Tests.swift */; };
		1C1AA09B24030CD900142A9C /* calculator1UITests.swift in Sources */ = {isa = PBXBuildFile; fileRef = 1C1AA09A24030CD900142A9C /* calculator1UITests.swift */; };
/* End PBXBuildFile section */

/* Begin PBXContainerItemProxy section */
		1C1AA08C24030CD900142A9C /* PBXContainerItemProxy */ = {
			isa = PBXContainerItemProxy;
			containerPortal = 1C1AA06D24030CD300142A9C /* Project object */;
			proxyType = 1;
			remoteGlobalIDString = 1C1AA07424030CD300142A9C;
			remoteInfo = calculator1;
		};
		1C1AA09724030CD900142A9C /* PBXContainerItemProxy */ = {
			isa = PBXContainerItemProxy;
			containerPortal = 1C1AA06D24030CD300142A9C /* Project object */;
			proxyType = 1;
			remoteGlobalIDString = 1C1AA07424030CD300142A9C;
			remoteInfo = calculator1;
		};
/* End PBXContainerItemProxy section */

/* Begin PBXFileReference section */
		1C1AA07524030CD300142A9C /* calculator1.app */ = {isa = PBXFileReference; explicitFileType = wrapper.application; includeInIndex = 0; path = calculator1.app; sourceTree = BUILT_PRODUCTS_DIR; };
		1C1AA07824030CD300142A9C /* AppDelegate.swift */ = {isa = PBXFileReference; lastKnownFileType = sourcecode.swift; path = AppDelegate.swift; sourceTree = "<group>"; };
		1C1AA07A24030CD300142A9C /* SceneDelegate.swift */ = {isa = PBXFileReference; lastKnownFileType = sourcecode.swift; path = SceneDelegate.swift; sourceTree = "<group>"; };
		1C1AA07C24030CD300142A9C /* ViewController.swift */ = {isa = PBXFileReference; lastKnownFileType = sourcecode.swift; path = ViewController.swift; sourceTree = "<group>"; };
		1C1AA07F24030CD300142A9C /* Base */ = {isa = PBXFileReference; lastKnownFileType = file.storyboard; name = Base; path = Base.lproj/Main.storyboard; sourceTree = "<group>"; };
		1C1AA08124030CD800142A9C /* Assets.xcassets */ = {isa = PBXFileReference; lastKnownFileType = folder.assetcatalog; path = Assets.xcassets; sourceTree = "<group>"; };
		1C1AA08424030CD800142A9C /* Base */ = {isa = PBXFileReference; lastKnownFileType = file.storyboard; name = Base; path = Base.lproj/LaunchScreen.storyboard; sourceTree = "<group>"; };
		1C1AA08624030CD800142A9C /* Info.plist */ = {isa = PBXFileReference; lastKnownFileType = text.plist.xml; path = Info.plist; sourceTree = "<group>"; };
		1C1AA08B24030CD900142A9C /* calculator1Tests.xctest */ = {isa = PBXFileReference; explicitFileType = wrapper.cfbundle; includeInIndex = 0; path = calculator1Tests.xctest; sourceTree = BUILT_PRODUCTS_DIR; };
		1C1AA08F24030CD900142A9C /* calculator1Tests.swift */ = {isa = PBXFileReference; lastKnownFileType = sourcecode.swift; path = calculator1Tests.swift; sourceTree = "<group>"; };
		1C1AA09124030CD900142A9C /* Info.plist */ = {isa = PBXFileReference; lastKnownFileType = text.plist.xml; path = Info.plist; sourceTree = "<group>"; };
		1C1AA09624030CD900142A9C /* calculator1UITests.xctest */ = {isa = PBXFileReference; explicitFileType = wrapper.cfbundle; includeInIndex = 0; path = calculator1UITests.xctest; sourceTree = BUILT_PRODUCTS_DIR; };
		1C1AA09A24030CD900142A9C /* calculator1UITests.swift */ = {isa = PBXFileReference; lastKnownFileType = sourcecode.swift; path = calculator1UITests.swift; sourceTree = "<group>"; };
		1C1AA09C24030CD900142A9C /* Info.plist */ = {isa = PBXFileReference; lastKnownFileType = text.plist.xml; path = Info.plist; sourceTree = "<group>"; };
/* End PBXFileReference section */

/* Begin PBXFrameworksBuildPhase section */
		1C1AA07224030CD300142A9C /* Frameworks */ = {
			isa = PBXFrameworksBuildPhase;
			buildActionMask = 2147483647;
			files = (
			);
			runOnlyForDeploymentPostprocessing = 0;
		};
		1C1AA08824030CD900142A9C /* Frameworks */ = {
			isa = PBXFrameworksBuildPhase;
			buildActionMask = 2147483647;
			files = (
			);
			runOnlyForDeploymentPostprocessing = 0;
		};
		1C1AA09324030CD900142A9C /* Frameworks */ = {
			isa = PBXFrameworksBuildPhase;
			buildActionMask = 2147483647;
			files = (
			);
			runOnlyForDeploymentPostprocessing = 0;
		};
/* End PBXFrameworksBuildPhase section */

/* Begin PBXGroup section */
		1C1AA06C24030CD300142A9C = {
			isa = PBXGroup;
			children = (
				1C1AA07724030CD300142A9C /* calculator1 */,
				1C1AA08E24030CD900142A9C /* calculator1Tests */,
				1C1AA09924030CD900142A9C /* calculator1UITests */,
				1C1AA07624030CD300142A9C /* Products */,
			);
			sourceTree = "<group>";
		};
		1C1AA07624030CD300142A9C /* Products */ = {
			isa = PBXGroup;
			children = (
				1C1AA07524030CD300142A9C /* calculator1.app */,
				1C1AA08B24030CD900142A9C /* calculator1Tests.xctest */,
				1C1AA09624030CD900142A9C /* calculator1UITests.xctest */,
			);
			name = Products;
			sourceTree = "<group>";
		};
		1C1AA07724030CD300142A9C /* calculator1 */ = {
			isa = PBXGroup;
			children = (
				1C1AA07824030CD300142A9C /* AppDelegate.swift */,
				1C1AA07A24030CD300142A9C /* SceneDelegate.swift */,
				1C1AA07C24030CD300142A9C /* ViewController.swift */,
				1C1AA07E24030CD300142A9C /* Main.storyboard */,
				1C1AA08124030CD800142A9C /* Assets.xcassets */,
				1C1AA08324030CD800142A9C /* LaunchScreen.storyboard */,
				1C1AA08624030CD800142A9C /* Info.plist */,
			);
			path = calculator1;
			sourceTree = "<group>";
		};
		1C1AA08E24030CD900142A9C /* calculator1Tests */ = {
			isa = PBXGroup;
			children = (
				1C1AA08F24030CD900142A9C /* calculator1Tests.swift */,
				1C1AA09124030CD900142A9C /* Info.plist */,
			);
			path = calculator1Tests;
			sourceTree = "<group>";
		};
		1C1AA09924030CD900142A9C /* calculator1UITests */ = {
			isa = PBXGroup;
			children = (
				1C1AA09A24030CD900142A9C /* calculator1UITests.swift */,
				1C1AA09C24030CD900142A9C /* Info.plist */,
			);
			path = calculator1UITests;
			sourceTree = "<group>";
		};
/* End PBXGroup section */

/* Begin PBXNativeTarget section */
		1C1AA07424030CD300142A9C /* calculator1 */ = {
			isa = PBXNativeTarget;
			buildConfigurationList = 1C1AA09F24030CD900142A9C /* Build configuration list for PBXNativeTarget "calculator1" */;
			buildPhases = (
				1C1AA07124030CD300142A9C /* Sources */,
				1C1AA07224030CD300142A9C /* Frameworks */,
				1C1AA07324030CD300142A9C /* Resources */,
			);
			buildRules = (
			);
			dependencies = (
			);
			name = calculator1;
			productName = calculator1;
			productReference = 1C1AA07524030CD300142A9C /* calculator1.app */;
			productType = "com.apple.product-type.application";
		};
		1C1AA08A24030CD900142A9C /* calculator1Tests */ = {
			isa = PBXNativeTarget;
			buildConfigurationList = 1C1AA0A224030CD900142A9C /* Build configuration list for PBXNativeTarget "calculator1Tests" */;
			buildPhases = (
				1C1AA08724030CD900142A9C /* Sources */,
				1C1AA08824030CD900142A9C /* Frameworks */,
				1C1AA08924030CD900142A9C /* Resources */,
			);
			buildRules = (
			);
			dependencies = (
				1C1AA08D24030CD900142A9C /* PBXTargetDependency */,
			);
			name = calculator1Tests;
			productName = calculator1Tests;
			productReference = 1C1AA08B24030CD900142A9C /* calculator1Tests.xctest */;
			productType = "com.apple.product-type.bundle.unit-test";
		};
		1C1AA09524030CD900142A9C /* calculator1UITests */ = {
			isa = PBXNativeTarget;
			buildConfigurationList = 1C1AA0A524030CD900142A9C /* Build configuration list for PBXNativeTarget "calculator1UITests" */;
			buildPhases = (
				1C1AA09224030CD900142A9C /* Sources */,
				1C1AA09324030CD900142A9C /* Frameworks */,
				1C1AA09424030CD900142A9C /* Resources */,
			);
			buildRules = (
			);
			dependencies = (
				1C1AA09824030CD900142A9C /* PBXTargetDependency */,
			);
			name = calculator1UITests;
			productName = calculator1UITests;
			productReference = 1C1AA09624030CD900142A9C /* calculator1UITests.xctest */;
			productType = "com.apple.product-type.bundle.ui-testing";
		};
/* End PBXNativeTarget section */

/* Begin PBXProject section */
		1C1AA06D24030CD300142A9C /* Project object */ = {
			isa = PBXProject;
			attributes = {
				LastSwiftUpdateCheck = 1130;
				LastUpgradeCheck = 1130;
				ORGANIZATIONNAME = Yuan;
				TargetAttributes = {
					1C1AA07424030CD300142A9C = {
						CreatedOnToolsVersion = 11.3.1;
					};
					1C1AA08A24030CD900142A9C = {
						CreatedOnToolsVersion = 11.3.1;
						TestTargetID = 1C1AA07424030CD300142A9C;
					};
					1C1AA09524030CD900142A9C = {
						CreatedOnToolsVersion = 11.3.1;
						TestTargetID = 1C1AA07424030CD300142A9C;
					};
				};
			};
			buildConfigurationList = 1C1AA07024030CD300142A9C /* Build configuration list for PBXProject "calculator1" */;
			compatibilityVersion = "Xcode 9.3";
			developmentRegion = en;
			hasScannedForEncodings = 0;
			knownRegions = (
				en,
				Base,
			);
			mainGroup = 1C1AA06C24030CD300142A9C;
			productRefGroup = 1C1AA07624030CD300142A9C /* Products */;
			projectDirPath = "";
			projectRoot = "";
			targets = (
				1C1AA07424030CD300142A9C /* calculator1 */,
				1C1AA08A24030CD900142A9C /* calculator1Tests */,
				1C1AA09524030CD900142A9C /* calculator1UITests */,
			);
		};
/* End PBXProject section */

/* Begin PBXResourcesBuildPhase section */
		1C1AA07324030CD300142A9C /* Resources */ = {
			isa = PBXResourcesBuildPhase;
			buildActionMask = 2147483647;
			files = (
				1C1AA08524030CD800142A9C /* LaunchScreen.storyboard in Resources */,
				1C1AA08224030CD800142A9C /* Assets.xcassets in Resources */,
				1C1AA08024030CD300142A9C /* Main.storyboard in Resources */,
			);
			runOnlyForDeploymentPostprocessing = 0;
		};
		1C1AA08924030CD900142A9C /* Resources */ = {
			isa = PBXResourcesBuildPhase;
			buildActionMask = 2147483647;
			files = (
			);
			runOnlyForDeploymentPostprocessing = 0;
		};
		1C1AA09424030CD900142A9C /* Resources */ = {
			isa = PBXResourcesBuildPhase;
			buildActionMask = 2147483647;
			files = (
			);
			runOnlyForDeploymentPostprocessing = 0;
		};
/* End PBXResourcesBuildPhase section */

/* Begin PBXSourcesBuildPhase section */
		1C1AA07124030CD300142A9C /* Sources */ = {
			isa = PBXSourcesBuildPhase;
			buildActionMask = 2147483647;
			files = (
				1C1AA07D24030CD300142A9C /* ViewController.swift in Sources */,
				1C1AA07924030CD300142A9C /* AppDelegate.swift in Sources */,
				1C1AA07B24030CD300142A9C /* SceneDelegate.swift in Sources */,
			);
			runOnlyForDeploymentPostprocessing = 0;
		};
		1C1AA08724030CD900142A9C /* Sources */ = {
			isa = PBXSourcesBuildPhase;
			buildActionMask = 2147483647;
			files = (
				1C1AA09024030CD900142A9C /* calculator1Tests.swift in Sources */,
			);
			runOnlyForDeploymentPostprocessing = 0;
		};
		1C1AA09224030CD900142A9C /* Sources */ = {
			isa = PBXSourcesBuildPhase;
			buildActionMask = 2147483647;
			files = (
				1C1AA09B24030CD900142A9C /* calculator1UITests.swift in Sources */,
			);
			runOnlyForDeploymentPostprocessing = 0;
		};
/* End PBXSourcesBuildPhase section */

/* Begin PBXTargetDependency section */
		1C1AA08D24030CD900142A9C /* PBXTargetDependency */ = {
			isa = PBXTargetDependency;
			target = 1C1AA07424030CD300142A9C /* calculator1 */;
			targetProxy = 1C1AA08C24030CD900142A9C /* PBXContainerItemProxy */;
		};
		1C1AA09824030CD900142A9C /* PBXTargetDependency */ = {
			isa = PBXTargetDependency;
			target = 1C1AA07424030CD300142A9C /* calculator1 */;
			targetProxy = 1C1AA09724030CD900142A9C /* PBXContainerItemProxy */;
		};
/* End PBXTargetDependency section */

/* Begin PBXVariantGroup section */
		1C1AA07E24030CD300142A9C /* Main.storyboard */ = {
			isa = PBXVariantGroup;
			children = (
				1C1AA07F24030CD300142A9C /* Base */,
			);
			name = Main.storyboard;
			sourceTree = "<group>";
		};
		1C1AA08324030CD800142A9C /* LaunchScreen.storyboard */ = {
			isa = PBXVariantGroup;
			children = (
				1C1AA08424030CD800142A9C /* Base */,
			);
			name = LaunchScreen.storyboard;
			sourceTree = "<group>";
		};
/* End PBXVariantGroup section */

/* Begin XCBuildConfiguration section */
		1C1AA09D24030CD900142A9C /* Debug */ = {
			isa = XCBuildConfiguration;
			buildSettings = {
				ALWAYS_SEARCH_USER_PATHS = NO;
				CLANG_ANALYZER_NONNULL = YES;
				CLANG_ANALYZER_NUMBER_OBJECT_CONVERSION = YES_AGGRESSIVE;
				CLANG_CXX_LANGUAGE_STANDARD = "gnu++14";
				CLANG_CXX_LIBRARY = "libc++";
				CLANG_ENABLE_MODULES = YES;
				CLANG_ENABLE_OBJC_ARC = YES;
				CLANG_ENABLE_OBJC_WEAK = YES;
				CLANG_WARN_BLOCK_CAPTURE_AUTORELEASING = YES;
				CLANG_WARN_BOOL_CONVERSION = YES;
				CLANG_WARN_COMMA = YES;
				CLANG_WARN_CONSTANT_CONVERSION = YES;
				CLANG_WARN_DEPRECATED_OBJC_IMPLEMENTATIONS = YES;
				CLANG_WARN_DIRECT_OBJC_ISA_USAGE = YES_ERROR;
				CLANG_WARN_DOCUMENTATION_COMMENTS = YES;
				CLANG_WARN_EMPTY_BODY = YES;
				CLANG_WARN_ENUM_CONVERSION = YES;
				CLANG_WARN_INFINITE_RECURSION = YES;
				CLANG_WARN_INT_CONVERSION = YES;
				CLANG_WARN_NON_LITERAL_NULL_CONVERSION = YES;
				CLANG_WARN_OBJC_IMPLICIT_RETAIN_SELF = YES;
				CLANG_WARN_OBJC_LITERAL_CONVERSION = YES;
				CLANG_WARN_OBJC_ROOT_CLASS = YES_ERROR;
				CLANG_WARN_RANGE_LOOP_ANALYSIS = YES;
				CLANG_WARN_STRICT_PROTOTYPES = YES;
				CLANG_WARN_SUSPICIOUS_MOVE = YES;
				CLANG_WARN_UNGUARDED_AVAILABILITY = YES_AGGRESSIVE;
				CLANG_WARN_UNREACHABLE_CODE = YES;
				CLANG_WARN__DUPLICATE_METHOD_MATCH = YES;
				COPY_PHASE_STRIP = NO;
				DEBUG_INFORMATION_FORMAT = dwarf;
				ENABLE_STRICT_OBJC_MSGSEND = YES;
				ENABLE_TESTABILITY = YES;
				GCC_C_LANGUAGE_STANDARD = gnu11;
				GCC_DYNAMIC_NO_PIC = NO;
				GCC_NO_COMMON_BLOCKS = YES;
				GCC_OPTIMIZATION_LEVEL = 0;
				GCC_PREPROCESSOR_DEFINITIONS = (
					"DEBUG=1",
					"$(inherited)",
				);
				GCC_WARN_64_TO_32_BIT_CONVERSION = YES;
				GCC_WARN_ABOUT_RETURN_TYPE = YES_ERROR;
				GCC_WARN_UNDECLARED_SELECTOR = YES;
				GCC_WARN_UNINITIALIZED_AUTOS = YES_AGGRESSIVE;
				GCC_WARN_UNUSED_FUNCTION = YES;
				GCC_WARN_UNUSED_VARIABLE = YES;
				IPHONEOS_DEPLOYMENT_TARGET = 13.2;
				MTL_ENABLE_DEBUG_INFO = INCLUDE_SOURCE;
				MTL_FAST_MATH = YES;
				ONLY_ACTIVE_ARCH = YES;
				SDKROOT = iphoneos;
				SWIFT_ACTIVE_COMPILATION_CONDITIONS = DEBUG;
				SWIFT_OPTIMIZATION_LEVEL = "-Onone";
			};
			name = Debug;
		};
		1C1AA09E24030CD900142A9C /* Release */ = {
			isa = XCBuildConfiguration;
			buildSettings = {
				ALWAYS_SEARCH_USER_PATHS = NO;
				CLANG_ANALYZER_NONNULL = YES;
				CLANG_ANALYZER_NUMBER_OBJECT_CONVERSION = YES_AGGRESSIVE;
				CLANG_CXX_LANGUAGE_STANDARD = "gnu++14";
				CLANG_CXX_LIBRARY = "libc++";
				CLANG_ENABLE_MODULES = YES;
				CLANG_ENABLE_OBJC_ARC = YES;
				CLANG_ENABLE_OBJC_WEAK = YES;
				CLANG_WARN_BLOCK_CAPTURE_AUTORELEASING = YES;
				CLANG_WARN_BOOL_CONVERSION = YES;
				CLANG_WARN_COMMA = YES;
				CLANG_WARN_CONSTANT_CONVERSION = YES;
				CLANG_WARN_DEPRECATED_OBJC_IMPLEMENTATIONS = YES;
				CLANG_WARN_DIRECT_OBJC_ISA_USAGE = YES_ERROR;
				CLANG_WARN_DOCUMENTATION_COMMENTS = YES;
				CLANG_WARN_EMPTY_BODY = YES;
				CLANG_WARN_ENUM_CONVERSION = YES;
				CLANG_WARN_INFINITE_RECURSION = YES;
				CLANG_WARN_INT_CONVERSION = YES;
				CLANG_WARN_NON_LITERAL_NULL_CONVERSION = YES;
				CLANG_WARN_OBJC_IMPLICIT_RETAIN_SELF = YES;
				CLANG_WARN_OBJC_LITERAL_CONVERSION = YES;
				CLANG_WARN_OBJC_ROOT_CLASS = YES_ERROR;
				CLANG_WARN_RANGE_LOOP_ANALYSIS = YES;
				CLANG_WARN_STRICT_PROTOTYPES = YES;
				CLANG_WARN_SUSPICIOUS_MOVE = YES;
				CLANG_WARN_UNGUARDED_AVAILABILITY = YES_AGGRESSIVE;
				CLANG_WARN_UNREACHABLE_CODE = YES;
				CLANG_WARN__DUPLICATE_METHOD_MATCH = YES;
				COPY_PHASE_STRIP = NO;
				DEBUG_INFORMATION_FORMAT = "dwarf-with-dsym";
				ENABLE_NS_ASSERTIONS = NO;
				ENABLE_STRICT_OBJC_MSGSEND = YES;
				GCC_C_LANGUAGE_STANDARD = gnu11;
				GCC_NO_COMMON_BLOCKS = YES;
				GCC_WARN_64_TO_32_BIT_CONVERSION = YES;
				GCC_WARN_ABOUT_RETURN_TYPE = YES_ERROR;
				GCC_WARN_UNDECLARED_SELECTOR = YES;
				GCC_WARN_UNINITIALIZED_AUTOS = YES_AGGRESSIVE;
				GCC_WARN_UNUSED_FUNCTION = YES;
				GCC_WARN_UNUSED_VARIABLE = YES;
				IPHONEOS_DEPLOYMENT_TARGET = 13.2;
				MTL_ENABLE_DEBUG_INFO = NO;
				MTL_FAST_MATH = YES;
				SDKROOT = iphoneos;
				SWIFT_COMPILATION_MODE = wholemodule;
				SWIFT_OPTIMIZATION_LEVEL = "-O";
				VALIDATE_PRODUCT = YES;
			};
			name = Release;
		};
		1C1AA0A024030CD900142A9C /* Debug */ = {
			isa = XCBuildConfiguration;
			buildSettings = {
				ASSETCATALOG_COMPILER_APPICON_NAME = AppIcon;
				CODE_SIGN_STYLE = Automatic;
				DEVELOPMENT_TEAM = 876KUTLY4J;
				INFOPLIST_FILE = calculator1/Info.plist;
				LD_RUNPATH_SEARCH_PATHS = (
					"$(inherited)",
					"@executable_path/Frameworks",
				);
				PRODUCT_BUNDLE_IDENTIFIER = "yuan-sun.calculator1";
				PRODUCT_NAME = "$(TARGET_NAME)";
				SWIFT_VERSION = 5.0;
				TARGETED_DEVICE_FAMILY = "1,2";
			};
			name = Debug;
		};
		1C1AA0A124030CD900142A9C /* Release */ = {
			isa = XCBuildConfiguration;
			buildSettings = {
				ASSETCATALOG_COMPILER_APPICON_NAME = AppIcon;
				CODE_SIGN_STYLE = Automatic;
				DEVELOPMENT_TEAM = 876KUTLY4J;
				INFOPLIST_FILE = calculator1/Info.plist;
				LD_RUNPATH_SEARCH_PATHS = (
					"$(inherited)",
					"@executable_path/Frameworks",
				);
				PRODUCT_BUNDLE_IDENTIFIER = "yuan-sun.calculator1";
				PRODUCT_NAME = "$(TARGET_NAME)";
				SWIFT_VERSION = 5.0;
				TARGETED_DEVICE_FAMILY = "1,2";
			};
			name = Release;
		};
		1C1AA0A324030CD900142A9C /* Debug */ = {
			isa = XCBuildConfiguration;
			buildSettings = {
				ALWAYS_EMBED_SWIFT_STANDARD_LIBRARIES = YES;
				BUNDLE_LOADER = "$(TEST_HOST)";
				CODE_SIGN_STYLE = Automatic;
				DEVELOPMENT_TEAM = 876KUTLY4J;
				INFOPLIST_FILE = calculator1Tests/Info.plist;
				IPHONEOS_DEPLOYMENT_TARGET = 13.2;
				LD_RUNPATH_SEARCH_PATHS = (
					"$(inherited)",
					"@executable_path/Frameworks",
					"@loader_path/Frameworks",
				);
				PRODUCT_BUNDLE_IDENTIFIER = "yuan-sun.calculator1Tests";
				PRODUCT_NAME = "$(TARGET_NAME)";
				SWIFT_VERSION = 5.0;
				TARGETED_DEVICE_FAMILY = "1,2";
				TEST_HOST = "$(BUILT_PRODUCTS_DIR)/calculator1.app/calculator1";
			};
			name = Debug;
		};
		1C1AA0A424030CD900142A9C /* Release */ = {
			isa = XCBuildConfiguration;
			buildSettings = {
				ALWAYS_EMBED_SWIFT_STANDARD_LIBRARIES = YES;
				BUNDLE_LOADER = "$(TEST_HOST)";
				CODE_SIGN_STYLE = Automatic;
				DEVELOPMENT_TEAM = 876KUTLY4J;
				INFOPLIST_FILE = calculator1Tests/Info.plist;
				IPHONEOS_DEPLOYMENT_TARGET = 13.2;
				LD_RUNPATH_SEARCH_PATHS = (
					"$(inherited)",
					"@executable_path/Frameworks",
					"@loader_path/Frameworks",
				);
				PRODUCT_BUNDLE_IDENTIFIER = "yuan-sun.calculator1Tests";
				PRODUCT_NAME = "$(TARGET_NAME)";
				SWIFT_VERSION = 5.0;
				TARGETED_DEVICE_FAMILY = "1,2";
				TEST_HOST = "$(BUILT_PRODUCTS_DIR)/calculator1.app/calculator1";
			};
			name = Release;
		};
		1C1AA0A624030CD900142A9C /* Debug */ = {
			isa = XCBuildConfiguration;
			buildSettings = {
				ALWAYS_EMBED_SWIFT_STANDARD_LIBRARIES = YES;
				CODE_SIGN_STYLE = Automatic;
				DEVELOPMENT_TEAM = 876KUTLY4J;
				INFOPLIST_FILE = calculator1UITests/Info.plist;
				LD_RUNPATH_SEARCH_PATHS = (
					"$(inherited)",
					"@executable_path/Frameworks",
					"@loader_path/Frameworks",
				);
				PRODUCT_BUNDLE_IDENTIFIER = "yuan-sun.calculator1UITests";
				PRODUCT_NAME = "$(TARGET_NAME)";
				SWIFT_VERSION = 5.0;
				TARGETED_DEVICE_FAMILY = "1,2";
				TEST_TARGET_NAME = calculator1;
			};
			name = Debug;
		};
		1C1AA0A724030CD900142A9C /* Release */ = {
			isa = XCBuildConfiguration;
			buildSettings = {
				ALWAYS_EMBED_SWIFT_STANDARD_LIBRARIES = YES;
				CODE_SIGN_STYLE = Automatic;
				DEVELOPMENT_TEAM = 876KUTLY4J;
				INFOPLIST_FILE = calculator1UITests/Info.plist;
				LD_RUNPATH_SEARCH_PATHS = (
					"$(inherited)",
					"@executable_path/Frameworks",
					"@loader_path/Frameworks",
				);
				PRODUCT_BUNDLE_IDENTIFIER = "yuan-sun.calculator1UITests";
				PRODUCT_NAME = "$(TARGET_NAME)";
				SWIFT_VERSION = 5.0;
				TARGETED_DEVICE_FAMILY = "1,2";
				TEST_TARGET_NAME = calculator1;
			};
			name = Release;
		};
/* End XCBuildConfiguration section */

/* Begin XCConfigurationList section */
		1C1AA07024030CD300142A9C /* Build configuration list for PBXProject "calculator1" */ = {
			isa = XCConfigurationList;
			buildConfigurations = (
				1C1AA09D24030CD900142A9C /* Debug */,
				1C1AA09E24030CD900142A9C /* Release */,
			);
			defaultConfigurationIsVisible = 0;
			defaultConfigurationName = Release;
		};
		1C1AA09F24030CD900142A9C /* Build configuration list for PBXNativeTarget "calculator1" */ = {
			isa = XCConfigurationList;
			buildConfigurations = (
				1C1AA0A024030CD900142A9C /* Debug */,
				1C1AA0A124030CD900142A9C /* Release */,
			);
			defaultConfigurationIsVisible = 0;
			defaultConfigurationName = Release;
		};
		1C1AA0A224030CD900142A9C /* Build configuration list for PBXNativeTarget "calculator1Tests" */ = {
			isa = XCConfigurationList;
			buildConfigurations = (
				1C1AA0A324030CD900142A9C /* Debug */,
				1C1AA0A424030CD900142A9C /* Release */,
			);
			defaultConfigurationIsVisible = 0;
			defaultConfigurationName = Release;
		};
		1C1AA0A524030CD900142A9C /* Build configuration list for PBXNativeTarget "calculator1UITests" */ = {
			isa = XCConfigurationList;
			buildConfigurations = (
				1C1AA0A624030CD900142A9C /* Debug */,
				1C1AA0A724030CD900142A9C /* Release */,
			);
			defaultConfigurationIsVisible = 0;
			defaultConfigurationName = Release;
		};
/* End XCConfigurationList section */
	};
	rootObject = 1C1AA06D24030CD300142A9C /* Project object */;
}
